
Microsoft Visual Studio Solution File, Format Version 12.00
# Visual Studio Version 16
VisualStudioVersion = 16.0.30104.148
MinimumVisualStudioVersion = 10.0.40219.1
Project("{FAE04EC0-301F-11D3-BF4B-00C04F79EFBC}") = "console_calculator", "console_calculator\console_calculator.csproj", "{2A32BE29-16EC-44B2-A95E-CB6016FFD720}"
EndProject
Global
	GlobalSection(SolutionConfigurationPlatforms) = preSolution
		Debug|Any CPU = Debug|Any CPU
		Release|Any CPU = Release|Any CPU
	EndGlobalSection
	GlobalSection(ProjectConfigurationPlatforms) = postSolution
		{2A32BE29-16EC-44B2-A95E-CB6016FFD720}.Debug|Any CPU.ActiveCfg = Debug|Any CPU
		{2A32BE29-16EC-44B2-A95E-CB6016FFD720}.Debug|Any CPU.Build.0 = Debug|Any CPU
		{2A32BE29-16EC-44B2-A95E-CB6016FFD720}.Release|Any CPU.ActiveCfg = Release|Any CPU
		{2A32BE29-16EC-44B2-A95E-CB6016FFD720}.Release|Any CPU.Build.0 = Release|Any CPU
	EndGlobalSection
	GlobalSection(SolutionProperties) = preSolution
		HideSolutionNode = FALSE
	EndGlobalSection
	GlobalSection(ExtensibilityGlobals) = postSolution
		SolutionGuid = {96CF7FB0-F18D-44C8-97CD-2EC207C98BC0}
	EndGlobalSection
EndGlobal
